
Microsoft Visual Studio Solution File, Format Version 12.00
# Visual Studio Version 17
VisualStudioVersion = 17.3.32929.385
MinimumVisualStudioVersion = 10.0.40219.1
Project("{FAE04EC0-301F-11D3-BF4B-00C04F79EFBC}") = "WindowsFormsApp1", "WindowsFormsApp1.csproj", "{6B8EF046-13CC-4CA4-94A3-E8680CE5547B}"
EndProject
Global
	GlobalSection(SolutionConfigurationPlatforms) = preSolution
		Debug|Any CPU = Debug|Any CPU
		Release|Any CPU = Release|Any CPU
	EndGlobalSection
	GlobalSection(ProjectConfigurationPlatforms) = postSolution
		{6B8EF046-13CC-4CA4-94A3-E8680CE5547B}.Debug|Any CPU.ActiveCfg = Debug|Any CPU
		{6B8EF046-13CC-4CA4-94A3-E8680CE5547B}.Debug|Any CPU.Build.0 = Debug|Any CPU
		{6B8EF046-13CC-4CA4-94A3-E8680CE5547B}.Release|Any CPU.ActiveCfg = Release|Any CPU
		{6B8EF046-13CC-4CA4-94A3-E8680CE5547B}.Release|Any CPU.Build.0 = Release|Any CPU
	EndGlobalSection
	GlobalSection(SolutionProperties) = preSolution
		HideSolutionNode = FALSE
	EndGlobalSection
	GlobalSection(ExtensibilityGlobals) = postSolution
		SolutionGuid = {171A9784-CC5B-4B0F-9E79-B36A3F0A55EC}
	EndGlobalSection
EndGlobal
